<?xml version="1.0" encoding="utf-8"?>
<Project ToolsVersion="17.0" xmlns="http://schemas.microsoft.com/developer/msbuild/2003">
  <ItemGroup>
    <ClCompile Include="D:\Users\adamj\Documents\C\GWEngine\Engine\Core\Application.cpp">
      <Filter>Source Files</Filter>
    </ClCompile>
    <ClCompile Include="D:\Users\adamj\Documents\C\GWEngine\Engine\Renderer\Mesh.cpp">
      <Filter>Source Files</Filter>
    </ClCompile>
    <ClCompile Include="D:\Users\adamj\Documents\C\GWEngine\Engine\Renderer\Model.cpp">
      <Filter>Source Files</Filter>
    </ClCompile>
    <ClCompile Include="D:\Users\adamj\Documents\C\GWEngine\Engine\Renderer\RendererDX9.cpp">
      <Filter>Source Files</Filter>
    </ClCompile>
    <ClCompile Include="D:\Users\adamj\Documents\C\GWEngine\Engine\Renderer\RendererGL21.cpp">
      <Filter>Source Files</Filter>
    </ClCompile>
    <ClCompile Include="D:\Users\adamj\Documents\C\GWEngine\Engine\Renderer\RendererManager.cpp">
      <Filter>Source Files</Filter>
    </ClCompile>
    <ClCompile Include="D:\Users\adamj\Documents\C\GWEngine\Engine\main.cpp">
      <Filter>Source Files</Filter>
    </ClCompile>
  </ItemGroup>
  <ItemGroup>
    <ClInclude Include="D:\Users\adamj\Documents\C\GWEngine\Engine\Core\Application.h">
      <Filter>Header Files</Filter>
    </ClInclude>
    <ClInclude Include="D:\Users\adamj\Documents\C\GWEngine\Engine\Core\Logger.h">
      <Filter>Header Files</Filter>
    </ClInclude>
    <ClInclude Include="D:\Users\adamj\Documents\C\GWEngine\Engine\Renderer\IRenderer.h">
      <Filter>Header Files</Filter>
    </ClInclude>
    <ClInclude Include="D:\Users\adamj\Documents\C\GWEngine\Engine\Renderer\Mesh.h">
      <Filter>Header Files</Filter>
    </ClInclude>
    <ClInclude Include="D:\Users\adamj\Documents\C\GWEngine\Engine\Renderer\Model.h">
      <Filter>Header Files</Filter>
    </ClInclude>
    <ClInclude Include="D:\Users\adamj\Documents\C\GWEngine\Engine\Renderer\RendererDX9.h">
      <Filter>Header Files</Filter>
    </ClInclude>
    <ClInclude Include="D:\Users\adamj\Documents\C\GWEngine\Engine\Renderer\RendererGL21.h">
      <Filter>Header Files</Filter>
    </ClInclude>
    <ClInclude Include="D:\Users\adamj\Documents\C\GWEngine\Engine\Renderer\RendererManager.h">
      <Filter>Header Files</Filter>
    </ClInclude>
  </ItemGroup>
  <ItemGroup>
    <CustomBuild Include="D:\Users\adamj\Documents\C\GWEngine\CMakeLists.txt" />
  </ItemGroup>
  <ItemGroup>
    <Filter Include="Header Files">
      <UniqueIdentifier>{F3CF261A-EF06-38A4-B76C-95DF5937EB0C}</UniqueIdentifier>
    </Filter>
    <Filter Include="Source Files">
      <UniqueIdentifier>{1408BFD0-D3D4-34D2-BE4A-C7FBAC90264E}</UniqueIdentifier>
    </Filter>
  </ItemGroup>
</Project>
